
Microsoft Visual Studio Solution File, Format Version 12.00
# Visual Studio Version 16
VisualStudioVersion = 16.0.31410.357
MinimumVisualStudioVersion = 10.0.40219.1
Project("{9A19103F-16F7-4668-BE54-9A1E7A4F7556}") = "Generic", "Generic\Generic.csproj", "{D67DB2A9-BE7A-4660-938C-C9317322C0E3}"
EndProject
Project("{9A19103F-16F7-4668-BE54-9A1E7A4F7556}") = "Interface", "interface\Interface.csproj", "{5A73513E-380D-4D2F-B4EF-9FD582CF64CE}"
EndProject
Project("{FAE04EC0-301F-11D3-BF4B-00C04F79EFBC}") = "Property", "Property\Property.csproj", "{09C7E79C-FD92-470B-9F51-A6DDB965E0C7}"
EndProject
Project("{FAE04EC0-301F-11D3-BF4B-00C04F79EFBC}") = "Delegate", "Delegate\Delegate.csproj", "{77A7B088-4380-478F-B981-E18E26718C65}"
EndProject
Project("{FAE04EC0-301F-11D3-BF4B-00C04F79EFBC}") = "Event", "Event\Event.csproj", "{0487F06B-FEF4-4CFE-9F59-681BCEB4B2FE}"
EndProject
Project("{FAE04EC0-301F-11D3-BF4B-00C04F79EFBC}") = "Lambda", "Lambda\Lambda.csproj", "{191B6320-1E26-4400-961D-CEF03CF77A81}"
EndProject
Global
	GlobalSection(SolutionConfigurationPlatforms) = preSolution
		Debug|Any CPU = Debug|Any CPU
		Release|Any CPU = Release|Any CPU
	EndGlobalSection
	GlobalSection(ProjectConfigurationPlatforms) = postSolution
		{D67DB2A9-BE7A-4660-938C-C9317322C0E3}.Debug|Any CPU.ActiveCfg = Debug|Any CPU
		{D67DB2A9-BE7A-4660-938C-C9317322C0E3}.Debug|Any CPU.Build.0 = Debug|Any CPU
		{D67DB2A9-BE7A-4660-938C-C9317322C0E3}.Release|Any CPU.ActiveCfg = Release|Any CPU
		{D67DB2A9-BE7A-4660-938C-C9317322C0E3}.Release|Any CPU.Build.0 = Release|Any CPU
		{5A73513E-380D-4D2F-B4EF-9FD582CF64CE}.Debug|Any CPU.ActiveCfg = Debug|Any CPU
		{5A73513E-380D-4D2F-B4EF-9FD582CF64CE}.Debug|Any CPU.Build.0 = Debug|Any CPU
		{5A73513E-380D-4D2F-B4EF-9FD582CF64CE}.Release|Any CPU.ActiveCfg = Release|Any CPU
		{5A73513E-380D-4D2F-B4EF-9FD582CF64CE}.Release|Any CPU.Build.0 = Release|Any CPU
		{09C7E79C-FD92-470B-9F51-A6DDB965E0C7}.Debug|Any CPU.ActiveCfg = Debug|Any CPU
		{09C7E79C-FD92-470B-9F51-A6DDB965E0C7}.Debug|Any CPU.Build.0 = Debug|Any CPU
		{09C7E79C-FD92-470B-9F51-A6DDB965E0C7}.Release|Any CPU.ActiveCfg = Release|Any CPU
		{09C7E79C-FD92-470B-9F51-A6DDB965E0C7}.Release|Any CPU.Build.0 = Release|Any CPU
		{77A7B088-4380-478F-B981-E18E26718C65}.Debug|Any CPU.ActiveCfg = Debug|Any CPU
		{77A7B088-4380-478F-B981-E18E26718C65}.Debug|Any CPU.Build.0 = Debug|Any CPU
		{77A7B088-4380-478F-B981-E18E26718C65}.Release|Any CPU.ActiveCfg = Release|Any CPU
		{77A7B088-4380-478F-B981-E18E26718C65}.Release|Any CPU.Build.0 = Release|Any CPU
		{0487F06B-FEF4-4CFE-9F59-681BCEB4B2FE}.Debug|Any CPU.ActiveCfg = Debug|Any CPU
		{0487F06B-FEF4-4CFE-9F59-681BCEB4B2FE}.Debug|Any CPU.Build.0 = Debug|Any CPU
		{0487F06B-FEF4-4CFE-9F59-681BCEB4B2FE}.Release|Any CPU.ActiveCfg = Release|Any CPU
		{0487F06B-FEF4-4CFE-9F59-681BCEB4B2FE}.Release|Any CPU.Build.0 = Release|Any CPU
		{191B6320-1E26-4400-961D-CEF03CF77A81}.Debug|Any CPU.ActiveCfg = Debug|Any CPU
		{191B6320-1E26-4400-961D-CEF03CF77A81}.Debug|Any CPU.Build.0 = Debug|Any CPU
		{191B6320-1E26-4400-961D-CEF03CF77A81}.Release|Any CPU.ActiveCfg = Release|Any CPU
		{191B6320-1E26-4400-961D-CEF03CF77A81}.Release|Any CPU.Build.0 = Release|Any CPU
	EndGlobalSection
	GlobalSection(SolutionProperties) = preSolution
		HideSolutionNode = FALSE
	EndGlobalSection
	GlobalSection(ExtensibilityGlobals) = postSolution
		SolutionGuid = {C781204B-0CF6-41D6-B4A1-05C06D4122B9}
	EndGlobalSection
EndGlobal
